{
  "name": "prettier-yaml-sort",
  "version": "0.0.0",
  "lockfileVersion": 3,
  "requires": true,
  "packages": {
    "": {
      "name": "prettier-yaml-sort",
      "version": "0.0.0",
      "license": "MIT",
      "devDependencies": {
        "prettier": "^3.1.0",
        "rollup": "^4.4.1"
      },
      "peerDependencies": {
        "prettier": "^3.1.0"
      }
    },
    "node_modules/@rollup/rollup-linux-x64-gnu": {
      "version": "4.4.1",
      "resolved": "https://registry.npmjs.org/@rollup/rollup-linux-x64-gnu/-/rollup-linux-x64-gnu-4.4.1.tgz",
      "integrity": "sha512-mHIlRLX+hx+30cD6c4BaBOsSqdnCE4ok7/KDvjHYAHoSuveoMMxIisZFvcLhUnyZcPBXDGZTuBoalcuh43UfQQ==",
      "cpu": [
        "x64"
      ],
      "dev": true,
      "optional": true,
      "os": [
        "linux"
      ]
    },
    "node_modules/@rollup/rollup-linux-x64-musl": {
      "version": "4.4.1",
      "resolved": "https://registry.npmjs.org/@rollup/rollup-linux-x64-musl/-/rollup-linux-x64-musl-4.4.1.tgz",
      "integrity": "sha512-tB+RZuDi3zxFx7vDrjTNGVLu2KNyzYv+UY8jz7e4TMEoAj7iEt8Qk6xVu6mo3pgjnsHj6jnq3uuRsHp97DLwOA==",
      "cpu": [
        "x64"
      ],
      "dev": true,
      "optional": true,
      "os": [
        "linux"
      ]
    },
    "node_modules/prettier": {
      "version": "3.1.0",
      "resolved": "https://registry.npmjs.org/prettier/-/prettier-3.1.0.tgz",
      "integrity": "sha512-TQLvXjq5IAibjh8EpBIkNKxO749UEWABoiIZehEPiY4GNpVdhaFKqSTu+QrlU6D2dPAfubRmtJTi4K4YkQ5eXw==",
      "dev": true,
      "bin": {
        "prettier": "bin/prettier.cjs"
      },
      "engines": {
        "node": ">=14"
      },
      "funding": {
        "url": "https://github.com/prettier/prettier?sponsor=1"
      }
    },
    "node_modules/rollup": {
      "version": "4.4.1",
      "resolved": "https://registry.npmjs.org/rollup/-/rollup-4.4.1.tgz",
      "integrity": "sha512-idZzrUpWSblPJX66i+GzrpjKE3vbYrlWirUHteoAbjKReZwa0cohAErOYA5efoMmNCdvG9yrJS+w9Kl6csaH4w==",
      "dev": true,
      "bin": {
        "rollup": "dist/bin/rollup"
      },
      "engines": {
        "node": ">=18.0.0",
        "npm": ">=8.0.0"
      },
      "optionalDependencies": {
        "@rollup/rollup-android-arm-eabi": "4.4.1",
        "@rollup/rollup-android-arm64": "4.4.1",
        "@rollup/rollup-darwin-arm64": "4.4.1",
        "@rollup/rollup-darwin-x64": "4.4.1",
        "@rollup/rollup-linux-arm-gnueabihf": "4.4.1",
        "@rollup/rollup-linux-arm64-gnu": "4.4.1",
        "@rollup/rollup-linux-arm64-musl": "4.4.1",
        "@rollup/rollup-linux-x64-gnu": "4.4.1",
        "@rollup/rollup-linux-x64-musl": "4.4.1",
        "@rollup/rollup-win32-arm64-msvc": "4.4.1",
        "@rollup/rollup-win32-ia32-msvc": "4.4.1",
        "@rollup/rollup-win32-x64-msvc": "4.4.1",
        "fsevents": "~2.3.2"
      }
    }
  }
}
